
Microsoft Visual Studio Solution File, Format Version 12.00
# Visual Studio Version 17
VisualStudioVersion = 17.8.34330.188
MinimumVisualStudioVersion = 10.0.40219.1
Project("{FAE04EC0-301F-11D3-BF4B-00C04F79EFBC}") = "CalculadoraProyect", "CalculadoraProyect\CalculadoraProyect.csproj", "{EC794A94-A56E-488C-968A-93332F072485}"
EndProject
Global
	GlobalSection(SolutionConfigurationPlatforms) = preSolution
		Debug|Any CPU = Debug|Any CPU
		Release|Any CPU = Release|Any CPU
	EndGlobalSection
	GlobalSection(ProjectConfigurationPlatforms) = postSolution
		{EC794A94-A56E-488C-968A-93332F072485}.Debug|Any CPU.ActiveCfg = Debug|Any CPU
		{EC794A94-A56E-488C-968A-93332F072485}.Debug|Any CPU.Build.0 = Debug|Any CPU
		{EC794A94-A56E-488C-968A-93332F072485}.Release|Any CPU.ActiveCfg = Release|Any CPU
		{EC794A94-A56E-488C-968A-93332F072485}.Release|Any CPU.Build.0 = Release|Any CPU
	EndGlobalSection
	GlobalSection(SolutionProperties) = preSolution
		HideSolutionNode = FALSE
	EndGlobalSection
	GlobalSection(ExtensibilityGlobals) = postSolution
		SolutionGuid = {8084139F-13F3-4FAD-A191-EE3D8C37C331}
	EndGlobalSection
EndGlobal
